
Microsoft Visual Studio Solution File, Format Version 11.00
# Visual Studio 2010
Project("{F184B08F-C81C-45F6-A57F-5ABD9991F28F}") = "Presentacion", "Presentacion\Presentacion.vbproj", "{14431111-F89A-4864-AB70-FF148025E37D}"
	ProjectSection(ProjectDependencies) = postProject
		{B3F60CC4-254C-430A-9EB5-8EE83AE03DAD} = {B3F60CC4-254C-430A-9EB5-8EE83AE03DAD}
	EndProjectSection
EndProject
Project("{F184B08F-C81C-45F6-A57F-5ABD9991F28F}") = "BLL", "BLL\BLL.vbproj", "{38F3AABE-4289-404D-B853-FCE763A6604C}"
	ProjectSection(ProjectDependencies) = postProject
		{48B32CBF-E466-4434-A3D1-9B863707D210} = {48B32CBF-E466-4434-A3D1-9B863707D210}
		{26F85DFA-BF9E-406A-AA43-32F1022EB662} = {26F85DFA-BF9E-406A-AA43-32F1022EB662}
	EndProjectSection
EndProject
Project("{F184B08F-C81C-45F6-A57F-5ABD9991F28F}") = "BE", "BE\BE.vbproj", "{9A53BC47-D894-4BE9-87B4-8BA0809FA41B}"
EndProject
Project("{F184B08F-C81C-45F6-A57F-5ABD9991F28F}") = "DAL", "DAL\DAL.vbproj", "{26F85DFA-BF9E-406A-AA43-32F1022EB662}"
	ProjectSection(ProjectDependencies) = postProject
		{9A53BC47-D894-4BE9-87B4-8BA0809FA41B} = {9A53BC47-D894-4BE9-87B4-8BA0809FA41B}
	EndProjectSection
EndProject
Project("{F184B08F-C81C-45F6-A57F-5ABD9991F28F}") = "Seguridad", "Seguridad\Seguridad.vbproj", "{B3F60CC4-254C-430A-9EB5-8EE83AE03DAD}"
EndProject
Project("{F184B08F-C81C-45F6-A57F-5ABD9991F28F}") = "Utilitarios", "Utilitarios\Utilitarios.vbproj", "{48B32CBF-E466-4434-A3D1-9B863707D210}"
EndProject
Project("{F184B08F-C81C-45F6-A57F-5ABD9991F28F}") = "Excepciones", "Excepciones\Excepciones.vbproj", "{3933B96F-EB72-489E-9D03-041867B6DEDC}"
EndProject
Global
	GlobalSection(SubversionScc) = preSolution
		Svn-Managed = True
		Manager = AnkhSVN - Subversion Support for Visual Studio
	EndGlobalSection
	GlobalSection(SolutionConfigurationPlatforms) = preSolution
		Debug|Any CPU = Debug|Any CPU
		Debug|Mixed Platforms = Debug|Mixed Platforms
		Debug|x86 = Debug|x86
		Release|Any CPU = Release|Any CPU
		Release|Mixed Platforms = Release|Mixed Platforms
		Release|x86 = Release|x86
	EndGlobalSection
	GlobalSection(ProjectConfigurationPlatforms) = postSolution
		{14431111-F89A-4864-AB70-FF148025E37D}.Debug|Any CPU.ActiveCfg = Debug|x86
		{14431111-F89A-4864-AB70-FF148025E37D}.Debug|Mixed Platforms.ActiveCfg = Debug|x86
		{14431111-F89A-4864-AB70-FF148025E37D}.Debug|Mixed Platforms.Build.0 = Debug|x86
		{14431111-F89A-4864-AB70-FF148025E37D}.Debug|x86.ActiveCfg = Debug|x86
		{14431111-F89A-4864-AB70-FF148025E37D}.Debug|x86.Build.0 = Debug|x86
		{14431111-F89A-4864-AB70-FF148025E37D}.Release|Any CPU.ActiveCfg = Release|x86
		{14431111-F89A-4864-AB70-FF148025E37D}.Release|Mixed Platforms.ActiveCfg = Release|x86
		{14431111-F89A-4864-AB70-FF148025E37D}.Release|Mixed Platforms.Build.0 = Release|x86
		{14431111-F89A-4864-AB70-FF148025E37D}.Release|x86.ActiveCfg = Release|x86
		{14431111-F89A-4864-AB70-FF148025E37D}.Release|x86.Build.0 = Release|x86
		{38F3AABE-4289-404D-B853-FCE763A6604C}.Debug|Any CPU.ActiveCfg = Debug|Any CPU
		{38F3AABE-4289-404D-B853-FCE763A6604C}.Debug|Any CPU.Build.0 = Debug|Any CPU
		{38F3AABE-4289-404D-B853-FCE763A6604C}.Debug|Mixed Platforms.ActiveCfg = Debug|Any CPU
		{38F3AABE-4289-404D-B853-FCE763A6604C}.Debug|Mixed Platforms.Build.0 = Debug|Any CPU
		{38F3AABE-4289-404D-B853-FCE763A6604C}.Debug|x86.ActiveCfg = Debug|Any CPU
		{38F3AABE-4289-404D-B853-FCE763A6604C}.Debug|x86.Build.0 = Debug|Any CPU
		{38F3AABE-4289-404D-B853-FCE763A6604C}.Release|Any CPU.ActiveCfg = Release|Any CPU
		{38F3AABE-4289-404D-B853-FCE763A6604C}.Release|Any CPU.Build.0 = Release|Any CPU
		{38F3AABE-4289-404D-B853-FCE763A6604C}.Release|Mixed Platforms.ActiveCfg = Release|Any CPU
		{38F3AABE-4289-404D-B853-FCE763A6604C}.Release|Mixed Platforms.Build.0 = Release|Any CPU
		{38F3AABE-4289-404D-B853-FCE763A6604C}.Release|x86.ActiveCfg = Release|Any CPU
		{9A53BC47-D894-4BE9-87B4-8BA0809FA41B}.Debug|Any CPU.ActiveCfg = Debug|Any CPU
		{9A53BC47-D894-4BE9-87B4-8BA0809FA41B}.Debug|Any CPU.Build.0 = Debug|Any CPU
		{9A53BC47-D894-4BE9-87B4-8BA0809FA41B}.Debug|Mixed Platforms.ActiveCfg = Debug|Any CPU
		{9A53BC47-D894-4BE9-87B4-8BA0809FA41B}.Debug|Mixed Platforms.Build.0 = Debug|Any CPU
		{9A53BC47-D894-4BE9-87B4-8BA0809FA41B}.Debug|x86.ActiveCfg = Debug|Any CPU
		{9A53BC47-D894-4BE9-87B4-8BA0809FA41B}.Debug|x86.Build.0 = Debug|Any CPU
		{9A53BC47-D894-4BE9-87B4-8BA0809FA41B}.Release|Any CPU.ActiveCfg = Release|Any CPU
		{9A53BC47-D894-4BE9-87B4-8BA0809FA41B}.Release|Any CPU.Build.0 = Release|Any CPU
		{9A53BC47-D894-4BE9-87B4-8BA0809FA41B}.Release|Mixed Platforms.ActiveCfg = Release|Any CPU
		{9A53BC47-D894-4BE9-87B4-8BA0809FA41B}.Release|Mixed Platforms.Build.0 = Release|Any CPU
		{9A53BC47-D894-4BE9-87B4-8BA0809FA41B}.Release|x86.ActiveCfg = Release|Any CPU
		{26F85DFA-BF9E-406A-AA43-32F1022EB662}.Debug|Any CPU.ActiveCfg = Debug|Any CPU
		{26F85DFA-BF9E-406A-AA43-32F1022EB662}.Debug|Any CPU.Build.0 = Debug|Any CPU
		{26F85DFA-BF9E-406A-AA43-32F1022EB662}.Debug|Mixed Platforms.ActiveCfg = Debug|Any CPU
		{26F85DFA-BF9E-406A-AA43-32F1022EB662}.Debug|Mixed Platforms.Build.0 = Debug|Any CPU
		{26F85DFA-BF9E-406A-AA43-32F1022EB662}.Debug|x86.ActiveCfg = Debug|Any CPU
		{26F85DFA-BF9E-406A-AA43-32F1022EB662}.Debug|x86.Build.0 = Debug|Any CPU
		{26F85DFA-BF9E-406A-AA43-32F1022EB662}.Release|Any CPU.ActiveCfg = Release|Any CPU
		{26F85DFA-BF9E-406A-AA43-32F1022EB662}.Release|Any CPU.Build.0 = Release|Any CPU
		{26F85DFA-BF9E-406A-AA43-32F1022EB662}.Release|Mixed Platforms.ActiveCfg = Release|Any CPU
		{26F85DFA-BF9E-406A-AA43-32F1022EB662}.Release|Mixed Platforms.Build.0 = Release|Any CPU
		{26F85DFA-BF9E-406A-AA43-32F1022EB662}.Release|x86.ActiveCfg = Release|Any CPU
		{B3F60CC4-254C-430A-9EB5-8EE83AE03DAD}.Debug|Any CPU.ActiveCfg = Debug|Any CPU
		{B3F60CC4-254C-430A-9EB5-8EE83AE03DAD}.Debug|Any CPU.Build.0 = Debug|Any CPU
		{B3F60CC4-254C-430A-9EB5-8EE83AE03DAD}.Debug|Mixed Platforms.ActiveCfg = Debug|Any CPU
		{B3F60CC4-254C-430A-9EB5-8EE83AE03DAD}.Debug|Mixed Platforms.Build.0 = Debug|Any CPU
		{B3F60CC4-254C-430A-9EB5-8EE83AE03DAD}.Debug|x86.ActiveCfg = Debug|Any CPU
		{B3F60CC4-254C-430A-9EB5-8EE83AE03DAD}.Debug|x86.Build.0 = Debug|Any CPU
		{B3F60CC4-254C-430A-9EB5-8EE83AE03DAD}.Release|Any CPU.ActiveCfg = Release|Any CPU
		{B3F60CC4-254C-430A-9EB5-8EE83AE03DAD}.Release|Any CPU.Build.0 = Release|Any CPU
		{B3F60CC4-254C-430A-9EB5-8EE83AE03DAD}.Release|Mixed Platforms.ActiveCfg = Release|Any CPU
		{B3F60CC4-254C-430A-9EB5-8EE83AE03DAD}.Release|Mixed Platforms.Build.0 = Release|Any CPU
		{B3F60CC4-254C-430A-9EB5-8EE83AE03DAD}.Release|x86.ActiveCfg = Release|Any CPU
		{48B32CBF-E466-4434-A3D1-9B863707D210}.Debug|Any CPU.ActiveCfg = Debug|Any CPU
		{48B32CBF-E466-4434-A3D1-9B863707D210}.Debug|Any CPU.Build.0 = Debug|Any CPU
		{48B32CBF-E466-4434-A3D1-9B863707D210}.Debug|Mixed Platforms.ActiveCfg = Debug|Any CPU
		{48B32CBF-E466-4434-A3D1-9B863707D210}.Debug|Mixed Platforms.Build.0 = Debug|Any CPU
		{48B32CBF-E466-4434-A3D1-9B863707D210}.Debug|x86.ActiveCfg = Debug|Any CPU
		{48B32CBF-E466-4434-A3D1-9B863707D210}.Debug|x86.Build.0 = Debug|Any CPU
		{48B32CBF-E466-4434-A3D1-9B863707D210}.Release|Any CPU.ActiveCfg = Release|Any CPU
		{48B32CBF-E466-4434-A3D1-9B863707D210}.Release|Any CPU.Build.0 = Release|Any CPU
		{48B32CBF-E466-4434-A3D1-9B863707D210}.Release|Mixed Platforms.ActiveCfg = Release|Any CPU
		{48B32CBF-E466-4434-A3D1-9B863707D210}.Release|Mixed Platforms.Build.0 = Release|Any CPU
		{48B32CBF-E466-4434-A3D1-9B863707D210}.Release|x86.ActiveCfg = Release|Any CPU
		{3933B96F-EB72-489E-9D03-041867B6DEDC}.Debug|Any CPU.ActiveCfg = Debug|Any CPU
		{3933B96F-EB72-489E-9D03-041867B6DEDC}.Debug|Any CPU.Build.0 = Debug|Any CPU
		{3933B96F-EB72-489E-9D03-041867B6DEDC}.Debug|Mixed Platforms.ActiveCfg = Debug|Any CPU
		{3933B96F-EB72-489E-9D03-041867B6DEDC}.Debug|Mixed Platforms.Build.0 = Debug|Any CPU
		{3933B96F-EB72-489E-9D03-041867B6DEDC}.Debug|x86.ActiveCfg = Debug|Any CPU
		{3933B96F-EB72-489E-9D03-041867B6DEDC}.Debug|x86.Build.0 = Debug|Any CPU
		{3933B96F-EB72-489E-9D03-041867B6DEDC}.Release|Any CPU.ActiveCfg = Release|Any CPU
		{3933B96F-EB72-489E-9D03-041867B6DEDC}.Release|Any CPU.Build.0 = Release|Any CPU
		{3933B96F-EB72-489E-9D03-041867B6DEDC}.Release|Mixed Platforms.ActiveCfg = Release|Any CPU
		{3933B96F-EB72-489E-9D03-041867B6DEDC}.Release|Mixed Platforms.Build.0 = Release|Any CPU
		{3933B96F-EB72-489E-9D03-041867B6DEDC}.Release|x86.ActiveCfg = Release|Any CPU
	EndGlobalSection
	GlobalSection(SolutionProperties) = preSolution
		HideSolutionNode = FALSE
	EndGlobalSection
EndGlobal
